
Microsoft Visual Studio Solution File, Format Version 12.00
# Visual Studio Version 17
VisualStudioVersion = 17.12.35514.174
MinimumVisualStudioVersion = 10.0.40219.1
Project("{FAE04EC0-301F-11D3-BF4B-00C04F79EFBC}") = "Alcaldia", "Alcaldia\Alcaldia.csproj", "{614A3E93-E395-427D-A431-C86A0CD11BA4}"
EndProject
Project("{FAE04EC0-301F-11D3-BF4B-00C04F79EFBC}") = "AlcaldiaApi", "AlcaldiaApi\AlcaldiaApi.csproj", "{E639E258-AA99-4871-997B-57434F5B5FEC}"
EndProject
Project("{FAE04EC0-301F-11D3-BF4B-00C04F79EFBC}") = "AlcaldiaWeb", "AlcaldiaWeb\AlcaldiaWeb.csproj", "{FF0E94CB-F536-48AF-BBBD-4383E926E36F}"
EndProject
Global
	GlobalSection(SolutionConfigurationPlatforms) = preSolution
		Debug|Any CPU = Debug|Any CPU
		Release|Any CPU = Release|Any CPU
	EndGlobalSection
	GlobalSection(ProjectConfigurationPlatforms) = postSolution
		{614A3E93-E395-427D-A431-C86A0CD11BA4}.Debug|Any CPU.ActiveCfg = Debug|Any CPU
		{614A3E93-E395-427D-A431-C86A0CD11BA4}.Debug|Any CPU.Build.0 = Debug|Any CPU
		{614A3E93-E395-427D-A431-C86A0CD11BA4}.Release|Any CPU.ActiveCfg = Release|Any CPU
		{614A3E93-E395-427D-A431-C86A0CD11BA4}.Release|Any CPU.Build.0 = Release|Any CPU
		{E639E258-AA99-4871-997B-57434F5B5FEC}.Debug|Any CPU.ActiveCfg = Debug|Any CPU
		{E639E258-AA99-4871-997B-57434F5B5FEC}.Debug|Any CPU.Build.0 = Debug|Any CPU
		{E639E258-AA99-4871-997B-57434F5B5FEC}.Release|Any CPU.ActiveCfg = Release|Any CPU
		{E639E258-AA99-4871-997B-57434F5B5FEC}.Release|Any CPU.Build.0 = Release|Any CPU
		{FF0E94CB-F536-48AF-BBBD-4383E926E36F}.Debug|Any CPU.ActiveCfg = Debug|Any CPU
		{FF0E94CB-F536-48AF-BBBD-4383E926E36F}.Debug|Any CPU.Build.0 = Debug|Any CPU
		{FF0E94CB-F536-48AF-BBBD-4383E926E36F}.Release|Any CPU.ActiveCfg = Release|Any CPU
		{FF0E94CB-F536-48AF-BBBD-4383E926E36F}.Release|Any CPU.Build.0 = Release|Any CPU
	EndGlobalSection
	GlobalSection(SolutionProperties) = preSolution
		HideSolutionNode = FALSE
	EndGlobalSection
EndGlobal
